
Microsoft Visual Studio Solution File, Format Version 12.00
# Visual Studio 15
Project("{FAE04EC0-301F-11D3-BF4B-00C04F79EFBC}") = "LinkedList", "LinkedList\LinkedList.csproj", "{ECE9FADC-9D77-4964-A433-E80E6CC0DE6D}"
EndProject
Project("{FAE04EC0-301F-11D3-BF4B-00C04F79EFBC}") = "Stack", "Stack\Stack.csproj", "{3068BB2B-664A-4292-B5C8-9629BB962213}"
EndProject
Project("{FAE04EC0-301F-11D3-BF4B-00C04F79EFBC}") = "Queue", "Queue\Queue.csproj", "{7D5C4D07-40BA-40E6-8A10-54193A2B462C}"
EndProject
Project("{FAE04EC0-301F-11D3-BF4B-00C04F79EFBC}") = "BinaryTree", "BinaryTree\BinaryTree.csproj", "{8AA7B4B6-C281-4B9C-AF3C-AE6B47C3FF52}"
EndProject
Project("{FAE04EC0-301F-11D3-BF4B-00C04F79EFBC}") = "HashTable", "HashTable\HashTable.csproj", "{54D082CD-9487-4C64-B61E-266612DB7112}"
EndProject
Global
	GlobalSection(SolutionConfigurationPlatforms) = preSolution
		Debug|Any CPU = Debug|Any CPU
		Release|Any CPU = Release|Any CPU
	EndGlobalSection
	GlobalSection(ProjectConfigurationPlatforms) = postSolution
		{ECE9FADC-9D77-4964-A433-E80E6CC0DE6D}.Debug|Any CPU.ActiveCfg = Debug|Any CPU
		{ECE9FADC-9D77-4964-A433-E80E6CC0DE6D}.Debug|Any CPU.Build.0 = Debug|Any CPU
		{ECE9FADC-9D77-4964-A433-E80E6CC0DE6D}.Release|Any CPU.ActiveCfg = Release|Any CPU
		{ECE9FADC-9D77-4964-A433-E80E6CC0DE6D}.Release|Any CPU.Build.0 = Release|Any CPU
		{3068BB2B-664A-4292-B5C8-9629BB962213}.Debug|Any CPU.ActiveCfg = Debug|Any CPU
		{3068BB2B-664A-4292-B5C8-9629BB962213}.Debug|Any CPU.Build.0 = Debug|Any CPU
		{3068BB2B-664A-4292-B5C8-9629BB962213}.Release|Any CPU.ActiveCfg = Release|Any CPU
		{3068BB2B-664A-4292-B5C8-9629BB962213}.Release|Any CPU.Build.0 = Release|Any CPU
		{7D5C4D07-40BA-40E6-8A10-54193A2B462C}.Debug|Any CPU.ActiveCfg = Debug|Any CPU
		{7D5C4D07-40BA-40E6-8A10-54193A2B462C}.Debug|Any CPU.Build.0 = Debug|Any CPU
		{7D5C4D07-40BA-40E6-8A10-54193A2B462C}.Release|Any CPU.ActiveCfg = Release|Any CPU
		{7D5C4D07-40BA-40E6-8A10-54193A2B462C}.Release|Any CPU.Build.0 = Release|Any CPU
		{8AA7B4B6-C281-4B9C-AF3C-AE6B47C3FF52}.Debug|Any CPU.ActiveCfg = Debug|Any CPU
		{8AA7B4B6-C281-4B9C-AF3C-AE6B47C3FF52}.Debug|Any CPU.Build.0 = Debug|Any CPU
		{8AA7B4B6-C281-4B9C-AF3C-AE6B47C3FF52}.Release|Any CPU.ActiveCfg = Release|Any CPU
		{8AA7B4B6-C281-4B9C-AF3C-AE6B47C3FF52}.Release|Any CPU.Build.0 = Release|Any CPU
		{54D082CD-9487-4C64-B61E-266612DB7112}.Debug|Any CPU.ActiveCfg = Debug|Any CPU
		{54D082CD-9487-4C64-B61E-266612DB7112}.Debug|Any CPU.Build.0 = Debug|Any CPU
		{54D082CD-9487-4C64-B61E-266612DB7112}.Release|Any CPU.ActiveCfg = Release|Any CPU
		{54D082CD-9487-4C64-B61E-266612DB7112}.Release|Any CPU.Build.0 = Release|Any CPU
	EndGlobalSection
EndGlobal
